
Microsoft Visual Studio Solution File, Format Version 12.00
# Visual Studio 14
VisualStudioVersion = 14.0.24720.0
MinimumVisualStudioVersion = 10.0.40219.1
Project("{FAE04EC0-301F-11D3-BF4B-00C04F79EFBC}") = "Euler", "Euler\Euler.csproj", "{5D2B86B1-FE8B-4F77-BEB3-7406C09031E2}"
EndProject
Project("{FAE04EC0-301F-11D3-BF4B-00C04F79EFBC}") = "EulerTest", "EulerTest\EulerTest.csproj", "{EC75B7C9-1136-4238-8934-F4A5E86ACCAB}"
EndProject
Project("{FAE04EC0-301F-11D3-BF4B-00C04F79EFBC}") = "EulerMath", "EulerMath\EulerMath.csproj", "{1990CB57-AB46-4358-AF49-23F1B07C4522}"
EndProject
Global
	GlobalSection(SolutionConfigurationPlatforms) = preSolution
		Debug|Any CPU = Debug|Any CPU
		Release|Any CPU = Release|Any CPU
	EndGlobalSection
	GlobalSection(ProjectConfigurationPlatforms) = postSolution
		{5D2B86B1-FE8B-4F77-BEB3-7406C09031E2}.Debug|Any CPU.ActiveCfg = Debug|Any CPU
		{5D2B86B1-FE8B-4F77-BEB3-7406C09031E2}.Debug|Any CPU.Build.0 = Debug|Any CPU
		{5D2B86B1-FE8B-4F77-BEB3-7406C09031E2}.Release|Any CPU.ActiveCfg = Release|Any CPU
		{5D2B86B1-FE8B-4F77-BEB3-7406C09031E2}.Release|Any CPU.Build.0 = Release|Any CPU
		{EC75B7C9-1136-4238-8934-F4A5E86ACCAB}.Debug|Any CPU.ActiveCfg = Debug|Any CPU
		{EC75B7C9-1136-4238-8934-F4A5E86ACCAB}.Debug|Any CPU.Build.0 = Debug|Any CPU
		{EC75B7C9-1136-4238-8934-F4A5E86ACCAB}.Release|Any CPU.ActiveCfg = Release|Any CPU
		{EC75B7C9-1136-4238-8934-F4A5E86ACCAB}.Release|Any CPU.Build.0 = Release|Any CPU
		{1990CB57-AB46-4358-AF49-23F1B07C4522}.Debug|Any CPU.ActiveCfg = Debug|Any CPU
		{1990CB57-AB46-4358-AF49-23F1B07C4522}.Debug|Any CPU.Build.0 = Debug|Any CPU
		{1990CB57-AB46-4358-AF49-23F1B07C4522}.Release|Any CPU.ActiveCfg = Release|Any CPU
		{1990CB57-AB46-4358-AF49-23F1B07C4522}.Release|Any CPU.Build.0 = Release|Any CPU
	EndGlobalSection
	GlobalSection(SolutionProperties) = preSolution
		HideSolutionNode = FALSE
	EndGlobalSection
EndGlobal
